// !$*UTF8*$!
{
	archiveVersion = 1;
	classes = {
	};
	objectVersion = 50;
	objects = {

/* Begin PBXBuildFile section */
		383C65E3251ACB8700E1497D /* JeopardyVC.swift in Sources */ = {isa = PBXBuildFile; fileRef = 383C65E2251ACB8700E1497D /* JeopardyVC.swift */; };
		383C65E5251AE59600E1497D /* JokesVC.swift in Sources */ = {isa = PBXBuildFile; fileRef = 383C65E4251AE59600E1497D /* JokesVC.swift */; };
		384DBE6B2330147100483EF0 /* AppDelegate.swift in Sources */ = {isa = PBXBuildFile; fileRef = 384DBE6A2330147100483EF0 /* AppDelegate.swift */; };
		384DBE6D2330147100483EF0 /* ViewController.swift in Sources */ = {isa = PBXBuildFile; fileRef = 384DBE6C2330147100483EF0 /* ViewController.swift */; };
		384DBE702330147100483EF0 /* Main.storyboard in Resources */ = {isa = PBXBuildFile; fileRef = 384DBE6E2330147100483EF0 /* Main.storyboard */; };
		384DBE722330147400483EF0 /* Assets.xcassets in Resources */ = {isa = PBXBuildFile; fileRef = 384DBE712330147400483EF0 /* Assets.xcassets */; };
		384DBE752330147400483EF0 /* LaunchScreen.storyboard in Resources */ = {isa = PBXBuildFile; fileRef = 384DBE732330147400483EF0 /* LaunchScreen.storyboard */; };
		384DBE7D233279D000483EF0 /* NumberTableVC.swift in Sources */ = {isa = PBXBuildFile; fileRef = 384DBE7C233279D000483EF0 /* NumberTableVC.swift */; };
		384DBE7F23327A4000483EF0 /* Fact.swift in Sources */ = {isa = PBXBuildFile; fileRef = 384DBE7E23327A4000483EF0 /* Fact.swift */; };
		38E57650233BEEE9007A686C /* WeatherVC.swift in Sources */ = {isa = PBXBuildFile; fileRef = 38E5764F233BEEE9007A686C /* WeatherVC.swift */; };
		83D2141824356C3600D623FA /* StockVC.swift in Sources */ = {isa = PBXBuildFile; fileRef = 83D2141724356C3600D623FA /* StockVC.swift */; };
		83D2143F24414AA600D623FA /* StockDaily.swift in Sources */ = {isa = PBXBuildFile; fileRef = 83D2143E24414AA600D623FA /* StockDaily.swift */; };
		83D2144124414ABC00D623FA /* Stock.swift in Sources */ = {isa = PBXBuildFile; fileRef = 83D2144024414ABC00D623FA /* Stock.swift */; };
/* End PBXBuildFile section */

/* Begin PBXFileReference section */
		383C65E2251ACB8700E1497D /* JeopardyVC.swift */ = {isa = PBXFileReference; lastKnownFileType = sourcecode.swift; path = JeopardyVC.swift; sourceTree = "<group>"; };
		383C65E4251AE59600E1497D /* JokesVC.swift */ = {isa = PBXFileReference; lastKnownFileType = sourcecode.swift; path = JokesVC.swift; sourceTree = "<group>"; };
		384DBE672330147100483EF0 /* APIApp.app */ = {isa = PBXFileReference; explicitFileType = wrapper.application; includeInIndex = 0; path = APIApp.app; sourceTree = BUILT_PRODUCTS_DIR; };
		384DBE6A2330147100483EF0 /* AppDelegate.swift */ = {isa = PBXFileReference; lastKnownFileType = sourcecode.swift; path = AppDelegate.swift; sourceTree = "<group>"; };
		384DBE6C2330147100483EF0 /* ViewController.swift */ = {isa = PBXFileReference; lastKnownFileType = sourcecode.swift; path = ViewController.swift; sourceTree = "<group>"; };
		384DBE6F2330147100483EF0 /* Base */ = {isa = PBXFileReference; lastKnownFileType = file.storyboard; name = Base; path = Base.lproj/Main.storyboard; sourceTree = "<group>"; };
		384DBE712330147400483EF0 /* Assets.xcassets */ = {isa = PBXFileReference; lastKnownFileType = folder.assetcatalog; path = Assets.xcassets; sourceTree = "<group>"; };
		384DBE742330147400483EF0 /* Base */ = {isa = PBXFileReference; lastKnownFileType = file.storyboard; name = Base; path = Base.lproj/LaunchScreen.storyboard; sourceTree = "<group>"; };
		384DBE762330147400483EF0 /* Info.plist */ = {isa = PBXFileReference; lastKnownFileType = text.plist.xml; path = Info.plist; sourceTree = "<group>"; };
		384DBE7C233279D000483EF0 /* NumberTableVC.swift */ = {isa = PBXFileReference; lastKnownFileType = sourcecode.swift; path = NumberTableVC.swift; sourceTree = "<group>"; };
		384DBE7E23327A4000483EF0 /* Fact.swift */ = {isa = PBXFileReference; lastKnownFileType = sourcecode.swift; path = Fact.swift; sourceTree = "<group>"; };
		38E5764F233BEEE9007A686C /* WeatherVC.swift */ = {isa = PBXFileReference; lastKnownFileType = sourcecode.swift; path = WeatherVC.swift; sourceTree = "<group>"; };
		83D2141724356C3600D623FA /* StockVC.swift */ = {isa = PBXFileReference; lastKnownFileType = sourcecode.swift; path = StockVC.swift; sourceTree = "<group>"; };
		83D2143E24414AA600D623FA /* StockDaily.swift */ = {isa = PBXFileReference; lastKnownFileType = sourcecode.swift; path = StockDaily.swift; sourceTree = "<group>"; };
		83D2144024414ABC00D623FA /* Stock.swift */ = {isa = PBXFileReference; lastKnownFileType = sourcecode.swift; path = Stock.swift; sourceTree = "<group>"; };
/* End PBXFileReference section */

/* Begin PBXFrameworksBuildPhase section */
		384DBE642330147100483EF0 /* Frameworks */ = {
			isa = PBXFrameworksBuildPhase;
			buildActionMask = 2147483647;
			files = (
			);
			runOnlyForDeploymentPostprocessing = 0;
		};
/* End PBXFrameworksBuildPhase section */

/* Begin PBXGroup section */
		384DBE5E2330147100483EF0 = {
			isa = PBXGroup;
			children = (
				384DBE692330147100483EF0 /* APIApp */,
				384DBE682330147100483EF0 /* Products */,
			);
			sourceTree = "<group>";
		};
		384DBE682330147100483EF0 /* Products */ = {
			isa = PBXGroup;
			children = (
				384DBE672330147100483EF0 /* APIApp.app */,
			);
			name = Products;
			sourceTree = "<group>";
		};
		384DBE692330147100483EF0 /* APIApp */ = {
			isa = PBXGroup;
			children = (
				384DBE6A2330147100483EF0 /* AppDelegate.swift */,
				384DBE6E2330147100483EF0 /* Main.storyboard */,
				38E5764F233BEEE9007A686C /* WeatherVC.swift */,
				383C65E2251ACB8700E1497D /* JeopardyVC.swift */,
				83D2141724356C3600D623FA /* StockVC.swift */,
				83D2144024414ABC00D623FA /* Stock.swift */,
				83D2143E24414AA600D623FA /* StockDaily.swift */,
				384DBE6C2330147100483EF0 /* ViewController.swift */,
				383C65E4251AE59600E1497D /* JokesVC.swift */,
				384DBE7C233279D000483EF0 /* NumberTableVC.swift */,
				384DBE7E23327A4000483EF0 /* Fact.swift */,
				384DBE712330147400483EF0 /* Assets.xcassets */,
				384DBE732330147400483EF0 /* LaunchScreen.storyboard */,
				384DBE762330147400483EF0 /* Info.plist */,
			);
			path = APIApp;
			sourceTree = "<group>";
		};
/* End PBXGroup section */

/* Begin PBXNativeTarget section */
		384DBE662330147100483EF0 /* APIApp */ = {
			isa = PBXNativeTarget;
			buildConfigurationList = 384DBE792330147400483EF0 /* Build configuration list for PBXNativeTarget "APIApp" */;
			buildPhases = (
				384DBE632330147100483EF0 /* Sources */,
				384DBE642330147100483EF0 /* Frameworks */,
				384DBE652330147100483EF0 /* Resources */,
			);
			buildRules = (
			);
			dependencies = (
			);
			name = APIApp;
			productName = APIApp;
			productReference = 384DBE672330147100483EF0 /* APIApp.app */;
			productType = "com.apple.product-type.application";
		};
/* End PBXNativeTarget section */

/* Begin PBXProject section */
		384DBE5F2330147100483EF0 /* Project object */ = {
			isa = PBXProject;
			attributes = {
				LastSwiftUpdateCheck = 1030;
				LastUpgradeCheck = 1030;
				ORGANIZATIONNAME = DocsApps;
				TargetAttributes = {
					384DBE662330147100483EF0 = {
						CreatedOnToolsVersion = 10.3;
					};
				};
			};
			buildConfigurationList = 384DBE622330147100483EF0 /* Build configuration list for PBXProject "APIApp" */;
			compatibilityVersion = "Xcode 9.3";
			developmentRegion = en;
			hasScannedForEncodings = 0;
			knownRegions = (
				en,
				Base,
			);
			mainGroup = 384DBE5E2330147100483EF0;
			productRefGroup = 384DBE682330147100483EF0 /* Products */;
			projectDirPath = "";
			projectRoot = "";
			targets = (
				384DBE662330147100483EF0 /* APIApp */,
			);
		};
/* End PBXProject section */

/* Begin PBXResourcesBuildPhase section */
		384DBE652330147100483EF0 /* Resources */ = {
			isa = PBXResourcesBuildPhase;
			buildActionMask = 2147483647;
			files = (
				384DBE752330147400483EF0 /* LaunchScreen.storyboard in Resources */,
				384DBE722330147400483EF0 /* Assets.xcassets in Resources */,
				384DBE702330147100483EF0 /* Main.storyboard in Resources */,
			);
			runOnlyForDeploymentPostprocessing = 0;
		};
/* End PBXResourcesBuildPhase section */

/* Begin PBXSourcesBuildPhase section */
		384DBE632330147100483EF0 /* Sources */ = {
			isa = PBXSourcesBuildPhase;
			buildActionMask = 2147483647;
			files = (
				383C65E3251ACB8700E1497D /* JeopardyVC.swift in Sources */,
				384DBE7D233279D000483EF0 /* NumberTableVC.swift in Sources */,
				83D2141824356C3600D623FA /* StockVC.swift in Sources */,
				384DBE6D2330147100483EF0 /* ViewController.swift in Sources */,
				83D2143F24414AA600D623FA /* StockDaily.swift in Sources */,
				384DBE6B2330147100483EF0 /* AppDelegate.swift in Sources */,
				384DBE7F23327A4000483EF0 /* Fact.swift in Sources */,
				38E57650233BEEE9007A686C /* WeatherVC.swift in Sources */,
				83D2144124414ABC00D623FA /* Stock.swift in Sources */,
				383C65E5251AE59600E1497D /* JokesVC.swift in Sources */,
			);
			runOnlyForDeploymentPostprocessing = 0;
		};
/* End PBXSourcesBuildPhase section */

/* Begin PBXVariantGroup section */
		384DBE6E2330147100483EF0 /* Main.storyboard */ = {
			isa = PBXVariantGroup;
			children = (
				384DBE6F2330147100483EF0 /* Base */,
			);
			name = Main.storyboard;
			sourceTree = "<group>";
		};
		384DBE732330147400483EF0 /* LaunchScreen.storyboard */ = {
			isa = PBXVariantGroup;
			children = (
				384DBE742330147400483EF0 /* Base */,
			);
			name = LaunchScreen.storyboard;
			sourceTree = "<group>";
		};
/* End PBXVariantGroup section */

/* Begin XCBuildConfiguration section */
		384DBE772330147400483EF0 /* Debug */ = {
			isa = XCBuildConfiguration;
			buildSettings = {
				ALWAYS_SEARCH_USER_PATHS = NO;
				CLANG_ANALYZER_NONNULL = YES;
				CLANG_ANALYZER_NUMBER_OBJECT_CONVERSION = YES_AGGRESSIVE;
				CLANG_CXX_LANGUAGE_STANDARD = "gnu++14";
				CLANG_CXX_LIBRARY = "libc++";
				CLANG_ENABLE_MODULES = YES;
				CLANG_ENABLE_OBJC_ARC = YES;
				CLANG_ENABLE_OBJC_WEAK = YES;
				CLANG_WARN_BLOCK_CAPTURE_AUTORELEASING = YES;
				CLANG_WARN_BOOL_CONVERSION = YES;
				CLANG_WARN_COMMA = YES;
				CLANG_WARN_CONSTANT_CONVERSION = YES;
				CLANG_WARN_DEPRECATED_OBJC_IMPLEMENTATIONS = YES;
				CLANG_WARN_DIRECT_OBJC_ISA_USAGE = YES_ERROR;
				CLANG_WARN_DOCUMENTATION_COMMENTS = YES;
				CLANG_WARN_EMPTY_BODY = YES;
				CLANG_WARN_ENUM_CONVERSION = YES;
				CLANG_WARN_INFINITE_RECURSION = YES;
				CLANG_WARN_INT_CONVERSION = YES;
				CLANG_WARN_NON_LITERAL_NULL_CONVERSION = YES;
				CLANG_WARN_OBJC_IMPLICIT_RETAIN_SELF = YES;
				CLANG_WARN_OBJC_LITERAL_CONVERSION = YES;
				CLANG_WARN_OBJC_ROOT_CLASS = YES_ERROR;
				CLANG_WARN_RANGE_LOOP_ANALYSIS = YES;
				CLANG_WARN_STRICT_PROTOTYPES = YES;
				CLANG_WARN_SUSPICIOUS_MOVE = YES;
				CLANG_WARN_UNGUARDED_AVAILABILITY = YES_AGGRESSIVE;
				CLANG_WARN_UNREACHABLE_CODE = YES;
				CLANG_WARN__DUPLICATE_METHOD_MATCH = YES;
				CODE_SIGN_IDENTITY = "iPhone Developer";
				COPY_PHASE_STRIP = NO;
				DEBUG_INFORMATION_FORMAT = dwarf;
				ENABLE_STRICT_OBJC_MSGSEND = YES;
				ENABLE_TESTABILITY = YES;
				GCC_C_LANGUAGE_STANDARD = gnu11;
				GCC_DYNAMIC_NO_PIC = NO;
				GCC_NO_COMMON_BLOCKS = YES;
				GCC_OPTIMIZATION_LEVEL = 0;
				GCC_PREPROCESSOR_DEFINITIONS = (
					"DEBUG=1",
					"$(inherited)",
				);
				GCC_WARN_64_TO_32_BIT_CONVERSION = YES;
				GCC_WARN_ABOUT_RETURN_TYPE = YES_ERROR;
				GCC_WARN_UNDECLARED_SELECTOR = YES;
				GCC_WARN_UNINITIALIZED_AUTOS = YES_AGGRESSIVE;
				GCC_WARN_UNUSED_FUNCTION = YES;
				GCC_WARN_UNUSED_VARIABLE = YES;
				IPHONEOS_DEPLOYMENT_TARGET = 12.4;
				MTL_ENABLE_DEBUG_INFO = INCLUDE_SOURCE;
				MTL_FAST_MATH = YES;
				ONLY_ACTIVE_ARCH = YES;
				SDKROOT = iphoneos;
				SWIFT_ACTIVE_COMPILATION_CONDITIONS = DEBUG;
				SWIFT_OPTIMIZATION_LEVEL = "-Onone";
			};
			name = Debug;
		};
		384DBE782330147400483EF0 /* Release */ = {
			isa = XCBuildConfiguration;
			buildSettings = {
				ALWAYS_SEARCH_USER_PATHS = NO;
				CLANG_ANALYZER_NONNULL = YES;
				CLANG_ANALYZER_NUMBER_OBJECT_CONVERSION = YES_AGGRESSIVE;
				CLANG_CXX_LANGUAGE_STANDARD = "gnu++14";
				CLANG_CXX_LIBRARY = "libc++";
				CLANG_ENABLE_MODULES = YES;
				CLANG_ENABLE_OBJC_ARC = YES;
				CLANG_ENABLE_OBJC_WEAK = YES;
				CLANG_WARN_BLOCK_CAPTURE_AUTORELEASING = YES;
				CLANG_WARN_BOOL_CONVERSION = YES;
				CLANG_WARN_COMMA = YES;
				CLANG_WARN_CONSTANT_CONVERSION = YES;
				CLANG_WARN_DEPRECATED_OBJC_IMPLEMENTATIONS = YES;
				CLANG_WARN_DIRECT_OBJC_ISA_USAGE = YES_ERROR;
				CLANG_WARN_DOCUMENTATION_COMMENTS = YES;
				CLANG_WARN_EMPTY_BODY = YES;
				CLANG_WARN_ENUM_CONVERSION = YES;
				CLANG_WARN_INFINITE_RECURSION = YES;
				CLANG_WARN_INT_CONVERSION = YES;
				CLANG_WARN_NON_LITERAL_NULL_CONVERSION = YES;
				CLANG_WARN_OBJC_IMPLICIT_RETAIN_SELF = YES;
				CLANG_WARN_OBJC_LITERAL_CONVERSION = YES;
				CLANG_WARN_OBJC_ROOT_CLASS = YES_ERROR;
				CLANG_WARN_RANGE_LOOP_ANALYSIS = YES;
				CLANG_WARN_STRICT_PROTOTYPES = YES;
				CLANG_WARN_SUSPICIOUS_MOVE = YES;
				CLANG_WARN_UNGUARDED_AVAILABILITY = YES_AGGRESSIVE;
				CLANG_WARN_UNREACHABLE_CODE = YES;
				CLANG_WARN__DUPLICATE_METHOD_MATCH = YES;
				CODE_SIGN_IDENTITY = "iPhone Developer";
				COPY_PHASE_STRIP = NO;
				DEBUG_INFORMATION_FORMAT = "dwarf-with-dsym";
				ENABLE_NS_ASSERTIONS = NO;
				ENABLE_STRICT_OBJC_MSGSEND = YES;
				GCC_C_LANGUAGE_STANDARD = gnu11;
				GCC_NO_COMMON_BLOCKS = YES;
				GCC_WARN_64_TO_32_BIT_CONVERSION = YES;
				GCC_WARN_ABOUT_RETURN_TYPE = YES_ERROR;
				GCC_WARN_UNDECLARED_SELECTOR = YES;
				GCC_WARN_UNINITIALIZED_AUTOS = YES_AGGRESSIVE;
				GCC_WARN_UNUSED_FUNCTION = YES;
				GCC_WARN_UNUSED_VARIABLE = YES;
				IPHONEOS_DEPLOYMENT_TARGET = 12.4;
				MTL_ENABLE_DEBUG_INFO = NO;
				MTL_FAST_MATH = YES;
				SDKROOT = iphoneos;
				SWIFT_COMPILATION_MODE = wholemodule;
				SWIFT_OPTIMIZATION_LEVEL = "-O";
				VALIDATE_PRODUCT = YES;
			};
			name = Release;
		};
		384DBE7A2330147400483EF0 /* Debug */ = {
			isa = XCBuildConfiguration;
			buildSettings = {
				ASSETCATALOG_COMPILER_APPICON_NAME = AppIcon;
				CODE_SIGN_STYLE = Automatic;
				DEVELOPMENT_TEAM = 84LWTY6T5F;
				INFOPLIST_FILE = APIApp/Info.plist;
				LD_RUNPATH_SEARCH_PATHS = (
					"$(inherited)",
					"@executable_path/Frameworks",
				);
				PRODUCT_BUNDLE_IDENTIFIER = com.DocsApps.APIApp;
				PRODUCT_NAME = "$(TARGET_NAME)";
				SWIFT_VERSION = 5.0;
				TARGETED_DEVICE_FAMILY = "1,2";
			};
			name = Debug;
		};
		384DBE7B2330147400483EF0 /* Release */ = {
			isa = XCBuildConfiguration;
			buildSettings = {
				ASSETCATALOG_COMPILER_APPICON_NAME = AppIcon;
				CODE_SIGN_STYLE = Automatic;
				DEVELOPMENT_TEAM = 84LWTY6T5F;
				INFOPLIST_FILE = APIApp/Info.plist;
				LD_RUNPATH_SEARCH_PATHS = (
					"$(inherited)",
					"@executable_path/Frameworks",
				);
				PRODUCT_BUNDLE_IDENTIFIER = com.DocsApps.APIApp;
				PRODUCT_NAME = "$(TARGET_NAME)";
				SWIFT_VERSION = 5.0;
				TARGETED_DEVICE_FAMILY = "1,2";
			};
			name = Release;
		};
/* End XCBuildConfiguration section */

/* Begin XCConfigurationList section */
		384DBE622330147100483EF0 /* Build configuration list for PBXProject "APIApp" */ = {
			isa = XCConfigurationList;
			buildConfigurations = (
				384DBE772330147400483EF0 /* Debug */,
				384DBE782330147400483EF0 /* Release */,
			);
			defaultConfigurationIsVisible = 0;
			defaultConfigurationName = Release;
		};
		384DBE792330147400483EF0 /* Build configuration list for PBXNativeTarget "APIApp" */ = {
			isa = XCConfigurationList;
			buildConfigurations = (
				384DBE7A2330147400483EF0 /* Debug */,
				384DBE7B2330147400483EF0 /* Release */,
			);
			defaultConfigurationIsVisible = 0;
			defaultConfigurationName = Release;
		};
/* End XCConfigurationList section */
	};
	rootObject = 384DBE5F2330147100483EF0 /* Project object */;
}
